// !$*UTF8*$!
{
	archiveVersion = 1;
	classes = {
	};
	objectVersion = 50;
	objects = {

/* Begin PBXBuildFile section */
		53104B9E26F824F30090486F /* AppDelegate.swift in Sources */ = {isa = PBXBuildFile; fileRef = 53104B9D26F824F30090486F /* AppDelegate.swift */; };
		53104BA026F824F30090486F /* SceneDelegate.swift in Sources */ = {isa = PBXBuildFile; fileRef = 53104B9F26F824F30090486F /* SceneDelegate.swift */; };
		53104BA226F824F30090486F /* ViewController.swift in Sources */ = {isa = PBXBuildFile; fileRef = 53104BA126F824F30090486F /* ViewController.swift */; };
		53104BA526F824F30090486F /* Main.storyboard in Resources */ = {isa = PBXBuildFile; fileRef = 53104BA326F824F30090486F /* Main.storyboard */; };
		53104BA826F824F30090486F /* labA1A2iOS_kristina807287.xcdatamodeld in Sources */ = {isa = PBXBuildFile; fileRef = 53104BA626F824F30090486F /* labA1A2iOS_kristina807287.xcdatamodeld */; };
		53104BAA26F824F30090486F /* Assets.xcassets in Resources */ = {isa = PBXBuildFile; fileRef = 53104BA926F824F30090486F /* Assets.xcassets */; };
		53104BAD26F824F30090486F /* LaunchScreen.storyboard in Resources */ = {isa = PBXBuildFile; fileRef = 53104BAB26F824F30090486F /* LaunchScreen.storyboard */; };
		537A6E8626F8BE5A0049F73F /* ProductsTVC.swift in Sources */ = {isa = PBXBuildFile; fileRef = 537A6E8526F8BE5A0049F73F /* ProductsTVC.swift */; };
		537A6E8826F8CA8E0049F73F /* ProductInformationTVC.swift in Sources */ = {isa = PBXBuildFile; fileRef = 537A6E8726F8CA8E0049F73F /* ProductInformationTVC.swift */; };
		675C39B726F90E1600FEE402 /* Products+CoreDataProperties.swift in Sources */ = {isa = PBXBuildFile; fileRef = 675C39B526F90E1600FEE402 /* Products+CoreDataProperties.swift */; };
		675C39B826F90E1600FEE402 /* Products+CoreDataClass.swift in Sources */ = {isa = PBXBuildFile; fileRef = 675C39B626F90E1600FEE402 /* Products+CoreDataClass.swift */; };
/* End PBXBuildFile section */

/* Begin PBXFileReference section */
		53104B9A26F824F30090486F /* labA1A2iOS_kristina807287.app */ = {isa = PBXFileReference; explicitFileType = wrapper.application; includeInIndex = 0; path = labA1A2iOS_kristina807287.app; sourceTree = BUILT_PRODUCTS_DIR; };
		53104B9D26F824F30090486F /* AppDelegate.swift */ = {isa = PBXFileReference; lastKnownFileType = sourcecode.swift; path = AppDelegate.swift; sourceTree = "<group>"; };
		53104B9F26F824F30090486F /* SceneDelegate.swift */ = {isa = PBXFileReference; lastKnownFileType = sourcecode.swift; path = SceneDelegate.swift; sourceTree = "<group>"; };
		53104BA126F824F30090486F /* ViewController.swift */ = {isa = PBXFileReference; lastKnownFileType = sourcecode.swift; path = ViewController.swift; sourceTree = "<group>"; };
		53104BA426F824F30090486F /* Base */ = {isa = PBXFileReference; lastKnownFileType = file.storyboard; name = Base; path = Base.lproj/Main.storyboard; sourceTree = "<group>"; };
		53104BA726F824F30090486F /* labA1A2iOS_kristina807287.xcdatamodel */ = {isa = PBXFileReference; lastKnownFileType = wrapper.xcdatamodel; path = labA1A2iOS_kristina807287.xcdatamodel; sourceTree = "<group>"; };
		53104BA926F824F30090486F /* Assets.xcassets */ = {isa = PBXFileReference; lastKnownFileType = folder.assetcatalog; path = Assets.xcassets; sourceTree = "<group>"; };
		53104BAC26F824F30090486F /* Base */ = {isa = PBXFileReference; lastKnownFileType = file.storyboard; name = Base; path = Base.lproj/LaunchScreen.storyboard; sourceTree = "<group>"; };
		53104BAE26F824F30090486F /* Info.plist */ = {isa = PBXFileReference; lastKnownFileType = text.plist.xml; path = Info.plist; sourceTree = "<group>"; };
		537A6E8526F8BE5A0049F73F /* ProductsTVC.swift */ = {isa = PBXFileReference; lastKnownFileType = sourcecode.swift; path = ProductsTVC.swift; sourceTree = "<group>"; };
		537A6E8726F8CA8E0049F73F /* ProductInformationTVC.swift */ = {isa = PBXFileReference; lastKnownFileType = sourcecode.swift; path = ProductInformationTVC.swift; sourceTree = "<group>"; };
		675C39B526F90E1600FEE402 /* Products+CoreDataProperties.swift */ = {isa = PBXFileReference; fileEncoding = 4; lastKnownFileType = sourcecode.swift; path = "Products+CoreDataProperties.swift"; sourceTree = "<group>"; };
		675C39B626F90E1600FEE402 /* Products+CoreDataClass.swift */ = {isa = PBXFileReference; fileEncoding = 4; lastKnownFileType = sourcecode.swift; path = "Products+CoreDataClass.swift"; sourceTree = "<group>"; };
/* End PBXFileReference section */

/* Begin PBXFrameworksBuildPhase section */
		53104B9726F824F30090486F /* Frameworks */ = {
			isa = PBXFrameworksBuildPhase;
			buildActionMask = 2147483647;
			files = (
			);
			runOnlyForDeploymentPostprocessing = 0;
		};
/* End PBXFrameworksBuildPhase section */

/* Begin PBXGroup section */
		53104B9126F824F30090486F = {
			isa = PBXGroup;
			children = (
				53104B9C26F824F30090486F /* labA1A2iOS_kristina807287 */,
				53104B9B26F824F30090486F /* Products */,
			);
			sourceTree = "<group>";
		};
		53104B9B26F824F30090486F /* Products */ = {
			isa = PBXGroup;
			children = (
				53104B9A26F824F30090486F /* labA1A2iOS_kristina807287.app */,
			);
			name = Products;
			sourceTree = "<group>";
		};
		53104B9C26F824F30090486F /* labA1A2iOS_kristina807287 */ = {
			isa = PBXGroup;
			children = (
				53104BAE26F824F30090486F /* Info.plist */,
				537A6E8426F8BE160049F73F /* Support */,
				537A6E8326F8BDEE0049F73F /* View */,
				537A6E8226F8BDDA0049F73F /* Controllers */,
				53104BB826F83A9F0090486F /* Model */,
			);
			path = labA1A2iOS_kristina807287;
			sourceTree = "<group>";
		};
		53104BB826F83A9F0090486F /* Model */ = {
			isa = PBXGroup;
			children = (
				675C39B626F90E1600FEE402 /* Products+CoreDataClass.swift */,
				675C39B526F90E1600FEE402 /* Products+CoreDataProperties.swift */,
				53104BA626F824F30090486F /* labA1A2iOS_kristina807287.xcdatamodeld */,
			);
			path = Model;
			sourceTree = "<group>";
		};
		537A6E8226F8BDDA0049F73F /* Controllers */ = {
			isa = PBXGroup;
			children = (
				537A6E8526F8BE5A0049F73F /* ProductsTVC.swift */,
				53104BA126F824F30090486F /* ViewController.swift */,
				537A6E8726F8CA8E0049F73F /* ProductInformationTVC.swift */,
			);
			path = Controllers;
			sourceTree = "<group>";
		};
		537A6E8326F8BDEE0049F73F /* View */ = {
			isa = PBXGroup;
			children = (
				53104BA326F824F30090486F /* Main.storyboard */,
				53104BAB26F824F30090486F /* LaunchScreen.storyboard */,
			);
			path = View;
			sourceTree = "<group>";
		};
		537A6E8426F8BE160049F73F /* Support */ = {
			isa = PBXGroup;
			children = (
				53104B9D26F824F30090486F /* AppDelegate.swift */,
				53104B9F26F824F30090486F /* SceneDelegate.swift */,
				53104BA926F824F30090486F /* Assets.xcassets */,
			);
			path = Support;
			sourceTree = "<group>";
		};
/* End PBXGroup section */

/* Begin PBXNativeTarget section */
		53104B9926F824F30090486F /* labA1A2iOS_kristina807287 */ = {
			isa = PBXNativeTarget;
			buildConfigurationList = 53104BB126F824F30090486F /* Build configuration list for PBXNativeTarget "labA1A2iOS_kristina807287" */;
			buildPhases = (
				53104B9626F824F30090486F /* Sources */,
				53104B9726F824F30090486F /* Frameworks */,
				53104B9826F824F30090486F /* Resources */,
			);
			buildRules = (
			);
			dependencies = (
			);
			name = labA1A2iOS_kristina807287;
			productName = labA1A2iOS_kristina807287;
			productReference = 53104B9A26F824F30090486F /* labA1A2iOS_kristina807287.app */;
			productType = "com.apple.product-type.application";
		};
/* End PBXNativeTarget section */

/* Begin PBXProject section */
		53104B9226F824F30090486F /* Project object */ = {
			isa = PBXProject;
			attributes = {
				LastSwiftUpdateCheck = 1250;
				LastUpgradeCheck = 1250;
				TargetAttributes = {
					53104B9926F824F30090486F = {
						CreatedOnToolsVersion = 12.5.1;
					};
				};
			};
			buildConfigurationList = 53104B9526F824F30090486F /* Build configuration list for PBXProject "labA1A2iOS_kristina807287" */;
			compatibilityVersion = "Xcode 9.3";
			developmentRegion = en;
			hasScannedForEncodings = 0;
			knownRegions = (
				en,
				Base,
			);
			mainGroup = 53104B9126F824F30090486F;
			productRefGroup = 53104B9B26F824F30090486F /* Products */;
			projectDirPath = "";
			projectRoot = "";
			targets = (
				53104B9926F824F30090486F /* labA1A2iOS_kristina807287 */,
			);
		};
/* End PBXProject section */

/* Begin PBXResourcesBuildPhase section */
		53104B9826F824F30090486F /* Resources */ = {
			isa = PBXResourcesBuildPhase;
			buildActionMask = 2147483647;
			files = (
				53104BAD26F824F30090486F /* LaunchScreen.storyboard in Resources */,
				53104BAA26F824F30090486F /* Assets.xcassets in Resources */,
				53104BA526F824F30090486F /* Main.storyboard in Resources */,
			);
			runOnlyForDeploymentPostprocessing = 0;
		};
/* End PBXResourcesBuildPhase section */

/* Begin PBXSourcesBuildPhase section */
		53104B9626F824F30090486F /* Sources */ = {
			isa = PBXSourcesBuildPhase;
			buildActionMask = 2147483647;
			files = (
				53104BA226F824F30090486F /* ViewController.swift in Sources */,
				537A6E8826F8CA8E0049F73F /* ProductInformationTVC.swift in Sources */,
				675C39B726F90E1600FEE402 /* Products+CoreDataProperties.swift in Sources */,
				53104BA826F824F30090486F /* labA1A2iOS_kristina807287.xcdatamodeld in Sources */,
				53104B9E26F824F30090486F /* AppDelegate.swift in Sources */,
				537A6E8626F8BE5A0049F73F /* ProductsTVC.swift in Sources */,
				53104BA026F824F30090486F /* SceneDelegate.swift in Sources */,
				675C39B826F90E1600FEE402 /* Products+CoreDataClass.swift in Sources */,
			);
			runOnlyForDeploymentPostprocessing = 0;
		};
/* End PBXSourcesBuildPhase section */

/* Begin PBXVariantGroup section */
		53104BA326F824F30090486F /* Main.storyboard */ = {
			isa = PBXVariantGroup;
			children = (
				53104BA426F824F30090486F /* Base */,
			);
			name = Main.storyboard;
			sourceTree = "<group>";
		};
		53104BAB26F824F30090486F /* LaunchScreen.storyboard */ = {
			isa = PBXVariantGroup;
			children = (
				53104BAC26F824F30090486F /* Base */,
			);
			name = LaunchScreen.storyboard;
			sourceTree = "<group>";
		};
/* End PBXVariantGroup section */

/* Begin XCBuildConfiguration section */
		53104BAF26F824F30090486F /* Debug */ = {
			isa = XCBuildConfiguration;
			buildSettings = {
				ALWAYS_SEARCH_USER_PATHS = NO;
				CLANG_ANALYZER_NONNULL = YES;
				CLANG_ANALYZER_NUMBER_OBJECT_CONVERSION = YES_AGGRESSIVE;
				CLANG_CXX_LANGUAGE_STANDARD = "gnu++14";
				CLANG_CXX_LIBRARY = "libc++";
				CLANG_ENABLE_MODULES = YES;
				CLANG_ENABLE_OBJC_ARC = YES;
				CLANG_ENABLE_OBJC_WEAK = YES;
				CLANG_WARN_BLOCK_CAPTURE_AUTORELEASING = YES;
				CLANG_WARN_BOOL_CONVERSION = YES;
				CLANG_WARN_COMMA = YES;
				CLANG_WARN_CONSTANT_CONVERSION = YES;
				CLANG_WARN_DEPRECATED_OBJC_IMPLEMENTATIONS = YES;
				CLANG_WARN_DIRECT_OBJC_ISA_USAGE = YES_ERROR;
				CLANG_WARN_DOCUMENTATION_COMMENTS = YES;
				CLANG_WARN_EMPTY_BODY = YES;
				CLANG_WARN_ENUM_CONVERSION = YES;
				CLANG_WARN_INFINITE_RECURSION = YES;
				CLANG_WARN_INT_CONVERSION = YES;
				CLANG_WARN_NON_LITERAL_NULL_CONVERSION = YES;
				CLANG_WARN_OBJC_IMPLICIT_RETAIN_SELF = YES;
				CLANG_WARN_OBJC_LITERAL_CONVERSION = YES;
				CLANG_WARN_OBJC_ROOT_CLASS = YES_ERROR;
				CLANG_WARN_QUOTED_INCLUDE_IN_FRAMEWORK_HEADER = YES;
				CLANG_WARN_RANGE_LOOP_ANALYSIS = YES;
				CLANG_WARN_STRICT_PROTOTYPES = YES;
				CLANG_WARN_SUSPICIOUS_MOVE = YES;
				CLANG_WARN_UNGUARDED_AVAILABILITY = YES_AGGRESSIVE;
				CLANG_WARN_UNREACHABLE_CODE = YES;
				CLANG_WARN__DUPLICATE_METHOD_MATCH = YES;
				COPY_PHASE_STRIP = NO;
				DEBUG_INFORMATION_FORMAT = dwarf;
				ENABLE_STRICT_OBJC_MSGSEND = YES;
				ENABLE_TESTABILITY = YES;
				GCC_C_LANGUAGE_STANDARD = gnu11;
				GCC_DYNAMIC_NO_PIC = NO;
				GCC_NO_COMMON_BLOCKS = YES;
				GCC_OPTIMIZATION_LEVEL = 0;
				GCC_PREPROCESSOR_DEFINITIONS = (
					"DEBUG=1",
					"$(inherited)",
				);
				GCC_WARN_64_TO_32_BIT_CONVERSION = YES;
				GCC_WARN_ABOUT_RETURN_TYPE = YES_ERROR;
				GCC_WARN_UNDECLARED_SELECTOR = YES;
				GCC_WARN_UNINITIALIZED_AUTOS = YES_AGGRESSIVE;
				GCC_WARN_UNUSED_FUNCTION = YES;
				GCC_WARN_UNUSED_VARIABLE = YES;
				IPHONEOS_DEPLOYMENT_TARGET = 14.5;
				MTL_ENABLE_DEBUG_INFO = INCLUDE_SOURCE;
				MTL_FAST_MATH = YES;
				ONLY_ACTIVE_ARCH = YES;
				SDKROOT = iphoneos;
				SWIFT_ACTIVE_COMPILATION_CONDITIONS = DEBUG;
				SWIFT_OPTIMIZATION_LEVEL = "-Onone";
			};
			name = Debug;
		};
		53104BB026F824F30090486F /* Release */ = {
			isa = XCBuildConfiguration;
			buildSettings = {
				ALWAYS_SEARCH_USER_PATHS = NO;
				CLANG_ANALYZER_NONNULL = YES;
				CLANG_ANALYZER_NUMBER_OBJECT_CONVERSION = YES_AGGRESSIVE;
				CLANG_CXX_LANGUAGE_STANDARD = "gnu++14";
				CLANG_CXX_LIBRARY = "libc++";
				CLANG_ENABLE_MODULES = YES;
				CLANG_ENABLE_OBJC_ARC = YES;
				CLANG_ENABLE_OBJC_WEAK = YES;
				CLANG_WARN_BLOCK_CAPTURE_AUTORELEASING = YES;
				CLANG_WARN_BOOL_CONVERSION = YES;
				CLANG_WARN_COMMA = YES;
				CLANG_WARN_CONSTANT_CONVERSION = YES;
				CLANG_WARN_DEPRECATED_OBJC_IMPLEMENTATIONS = YES;
				CLANG_WARN_DIRECT_OBJC_ISA_USAGE = YES_ERROR;
				CLANG_WARN_DOCUMENTATION_COMMENTS = YES;
				CLANG_WARN_EMPTY_BODY = YES;
				CLANG_WARN_ENUM_CONVERSION = YES;
				CLANG_WARN_INFINITE_RECURSION = YES;
				CLANG_WARN_INT_CONVERSION = YES;
				CLANG_WARN_NON_LITERAL_NULL_CONVERSION = YES;
				CLANG_WARN_OBJC_IMPLICIT_RETAIN_SELF = YES;
				CLANG_WARN_OBJC_LITERAL_CONVERSION = YES;
				CLANG_WARN_OBJC_ROOT_CLASS = YES_ERROR;
				CLANG_WARN_QUOTED_INCLUDE_IN_FRAMEWORK_HEADER = YES;
				CLANG_WARN_RANGE_LOOP_ANALYSIS = YES;
				CLANG_WARN_STRICT_PROTOTYPES = YES;
				CLANG_WARN_SUSPICIOUS_MOVE = YES;
				CLANG_WARN_UNGUARDED_AVAILABILITY = YES_AGGRESSIVE;
				CLANG_WARN_UNREACHABLE_CODE = YES;
				CLANG_WARN__DUPLICATE_METHOD_MATCH = YES;
				COPY_PHASE_STRIP = NO;
				DEBUG_INFORMATION_FORMAT = "dwarf-with-dsym";
				ENABLE_NS_ASSERTIONS = NO;
				ENABLE_STRICT_OBJC_MSGSEND = YES;
				GCC_C_LANGUAGE_STANDARD = gnu11;
				GCC_NO_COMMON_BLOCKS = YES;
				GCC_WARN_64_TO_32_BIT_CONVERSION = YES;
				GCC_WARN_ABOUT_RETURN_TYPE = YES_ERROR;
				GCC_WARN_UNDECLARED_SELECTOR = YES;
				GCC_WARN_UNINITIALIZED_AUTOS = YES_AGGRESSIVE;
				GCC_WARN_UNUSED_FUNCTION = YES;
				GCC_WARN_UNUSED_VARIABLE = YES;
				IPHONEOS_DEPLOYMENT_TARGET = 14.5;
				MTL_ENABLE_DEBUG_INFO = NO;
				MTL_FAST_MATH = YES;
				SDKROOT = iphoneos;
				SWIFT_COMPILATION_MODE = wholemodule;
				SWIFT_OPTIMIZATION_LEVEL = "-O";
				VALIDATE_PRODUCT = YES;
			};
			name = Release;
		};
		53104BB226F824F30090486F /* Debug */ = {
			isa = XCBuildConfiguration;
			buildSettings = {
				ASSETCATALOG_COMPILER_APPICON_NAME = AppIcon;
				ASSETCATALOG_COMPILER_GLOBAL_ACCENT_COLOR_NAME = AccentColor;
				CODE_SIGN_STYLE = Manual;
				DEVELOPMENT_TEAM = "";
				INFOPLIST_FILE = labA1A2iOS_kristina807287/Info.plist;
				IPHONEOS_DEPLOYMENT_TARGET = 13.6;
				LD_RUNPATH_SEARCH_PATHS = (
					"$(inherited)",
					"@executable_path/Frameworks",
				);
				PRODUCT_BUNDLE_IDENTIFIER = "com.kristinaginga.labA1A2iOS-kristina807287";
				PRODUCT_NAME = "$(TARGET_NAME)";
				PROVISIONING_PROFILE_SPECIFIER = "";
				SWIFT_VERSION = 5.0;
				TARGETED_DEVICE_FAMILY = "1,2";
			};
			name = Debug;
		};
		53104BB326F824F30090486F /* Release */ = {
			isa = XCBuildConfiguration;
			buildSettings = {
				ASSETCATALOG_COMPILER_APPICON_NAME = AppIcon;
				ASSETCATALOG_COMPILER_GLOBAL_ACCENT_COLOR_NAME = AccentColor;
				CODE_SIGN_STYLE = Manual;
				DEVELOPMENT_TEAM = "";
				INFOPLIST_FILE = labA1A2iOS_kristina807287/Info.plist;
				IPHONEOS_DEPLOYMENT_TARGET = 13.6;
				LD_RUNPATH_SEARCH_PATHS = (
					"$(inherited)",
					"@executable_path/Frameworks",
				);
				PRODUCT_BUNDLE_IDENTIFIER = "com.kristinaginga.labA1A2iOS-kristina807287";
				PRODUCT_NAME = "$(TARGET_NAME)";
				PROVISIONING_PROFILE_SPECIFIER = "";
				SWIFT_VERSION = 5.0;
				TARGETED_DEVICE_FAMILY = "1,2";
			};
			name = Release;
		};
/* End XCBuildConfiguration section */

/* Begin XCConfigurationList section */
		53104B9526F824F30090486F /* Build configuration list for PBXProject "labA1A2iOS_kristina807287" */ = {
			isa = XCConfigurationList;
			buildConfigurations = (
				53104BAF26F824F30090486F /* Debug */,
				53104BB026F824F30090486F /* Release */,
			);
			defaultConfigurationIsVisible = 0;
			defaultConfigurationName = Release;
		};
		53104BB126F824F30090486F /* Build configuration list for PBXNativeTarget "labA1A2iOS_kristina807287" */ = {
			isa = XCConfigurationList;
			buildConfigurations = (
				53104BB226F824F30090486F /* Debug */,
				53104BB326F824F30090486F /* Release */,
			);
			defaultConfigurationIsVisible = 0;
			defaultConfigurationName = Release;
		};
/* End XCConfigurationList section */

/* Begin XCVersionGroup section */
		53104BA626F824F30090486F /* labA1A2iOS_kristina807287.xcdatamodeld */ = {
			isa = XCVersionGroup;
			children = (
				53104BA726F824F30090486F /* labA1A2iOS_kristina807287.xcdatamodel */,
			);
			currentVersion = 53104BA726F824F30090486F /* labA1A2iOS_kristina807287.xcdatamodel */;
			path = labA1A2iOS_kristina807287.xcdatamodeld;
			sourceTree = "<group>";
			versionGroupType = wrapper.xcdatamodel;
		};
/* End XCVersionGroup section */
	};
	rootObject = 53104B9226F824F30090486F /* Project object */;
}
